
Microsoft Visual Studio Solution File, Format Version 12.00
# Visual Studio Version 17
VisualStudioVersion = 17.6.33829.357
MinimumVisualStudioVersion = 10.0.40219.1
Project("{9A19103F-16F7-4668-BE54-9A1E7A4F7556}") = "BundleProblem", "BundleProblem\BundleProblem.csproj", "{D6017C25-6573-4D9F-92A0-568E3484C71E}"
EndProject
Project("{FAE04EC0-301F-11D3-BF4B-00C04F79EFBC}") = "BundleProblemTest", "BundleProblemTest\BundleProblemTest.csproj", "{15EC5872-3B02-40E6-8A48-88EF78A40F6F}"
	ProjectSection(ProjectDependencies) = postProject
		{D6017C25-6573-4D9F-92A0-568E3484C71E} = {D6017C25-6573-4D9F-92A0-568E3484C71E}
	EndProjectSection
EndProject
Global
	GlobalSection(SolutionConfigurationPlatforms) = preSolution
		Debug|Any CPU = Debug|Any CPU
		Release|Any CPU = Release|Any CPU
	EndGlobalSection
	GlobalSection(ProjectConfigurationPlatforms) = postSolution
		{D6017C25-6573-4D9F-92A0-568E3484C71E}.Debug|Any CPU.ActiveCfg = Debug|Any CPU
		{D6017C25-6573-4D9F-92A0-568E3484C71E}.Debug|Any CPU.Build.0 = Debug|Any CPU
		{D6017C25-6573-4D9F-92A0-568E3484C71E}.Release|Any CPU.ActiveCfg = Release|Any CPU
		{D6017C25-6573-4D9F-92A0-568E3484C71E}.Release|Any CPU.Build.0 = Release|Any CPU
		{15EC5872-3B02-40E6-8A48-88EF78A40F6F}.Debug|Any CPU.ActiveCfg = Debug|Any CPU
		{15EC5872-3B02-40E6-8A48-88EF78A40F6F}.Debug|Any CPU.Build.0 = Debug|Any CPU
		{15EC5872-3B02-40E6-8A48-88EF78A40F6F}.Release|Any CPU.ActiveCfg = Release|Any CPU
		{15EC5872-3B02-40E6-8A48-88EF78A40F6F}.Release|Any CPU.Build.0 = Release|Any CPU
	EndGlobalSection
	GlobalSection(SolutionProperties) = preSolution
		HideSolutionNode = FALSE
	EndGlobalSection
	GlobalSection(ExtensibilityGlobals) = postSolution
		SolutionGuid = {CFA84774-EDAF-4E25-9326-3C9792F2F7AA}
	EndGlobalSection
EndGlobal
